// !$*UTF8*$!
{
	archiveVersion = 1;
	classes = {
	};
	objectVersion = 77;
	objects = {

/* Begin PBXBuildFile section */
		827FD26E2DB8266600ED861E /* TodayView.swift in Sources */ = {isa = PBXBuildFile; fileRef = 827FD2652DB8266600ED861E /* TodayView.swift */; };
		827FD26F2DB8266600ED861E /* ContentView.swift in Sources */ = {isa = PBXBuildFile; fileRef = 827FD2682DB8266600ED861E /* ContentView.swift */; };
		827FD2702DB8266600ED861E /* HabitTrackerApp.swift in Sources */ = {isa = PBXBuildFile; fileRef = 827FD26A2DB8266600ED861E /* HabitTrackerApp.swift */; };
		827FD2712DB8266600ED861E /* Habit.swift in Sources */ = {isa = PBXBuildFile; fileRef = 827FD26C2DB8266600ED861E /* Habit.swift */; };
		827FD2722DB8266600ED861E /* Preview Assets.xcassets in Resources */ = {isa = PBXBuildFile; fileRef = 827FD2632DB8266600ED861E /* Preview Assets.xcassets */; };
		827FD2732DB8266600ED861E /* Assets.xcassets in Resources */ = {isa = PBXBuildFile; fileRef = 827FD2672DB8266600ED861E /* Assets.xcassets */; };
		827FD2772DB8266900ED861E /* HabitTrackerTests.swift in Sources */ = {isa = PBXBuildFile; fileRef = 827FD2752DB8266900ED861E /* HabitTrackerTests.swift */; };
		827FD27B2DB8266B00ED861E /* HabitTrackerUITests.swift in Sources */ = {isa = PBXBuildFile; fileRef = 827FD2782DB8266B00ED861E /* HabitTrackerUITests.swift */; };
		827FD27C2DB8266B00ED861E /* HabitTrackerUITestsLaunchTests.swift in Sources */ = {isa = PBXBuildFile; fileRef = 827FD2792DB8266B00ED861E /* HabitTrackerUITestsLaunchTests.swift */; };
		827FD2822DB826BA00ED861E /* TodayViewModel.swift in Sources */ = {isa = PBXBuildFile; fileRef = 827FD2812DB826B900ED861E /* TodayViewModel.swift */; };
		827FD2842DB82A0300ED861E /* HabitDataService.swift in Sources */ = {isa = PBXBuildFile; fileRef = 827FD2832DB82A0000ED861E /* HabitDataService.swift */; };
		827FD2862DB82E3C00ED861E /* SettingsView.swift in Sources */ = {isa = PBXBuildFile; fileRef = 827FD2852DB82E3B00ED861E /* SettingsView.swift */; };
		827FD2882DB82E7F00ED861E /* StatsView.swift in Sources */ = {isa = PBXBuildFile; fileRef = 827FD2872DB82E7E00ED861E /* StatsView.swift */; };
		827FD28B2DB832E800ED861E /* AddHabitView.swift in Sources */ = {isa = PBXBuildFile; fileRef = 827FD28A2DB832E600ED861E /* AddHabitView.swift */; };
		827FD28D2DB8330200ED861E /* WeekdayPicker.swift in Sources */ = {isa = PBXBuildFile; fileRef = 827FD28C2DB8330100ED861E /* WeekdayPicker.swift */; };
/* End PBXBuildFile section */

/* Begin PBXContainerItemProxy section */
		827FD22F2DB4486E00ED861E /* PBXContainerItemProxy */ = {
			isa = PBXContainerItemProxy;
			containerPortal = 827FD2122DB4486B00ED861E /* Project object */;
			proxyType = 1;
			remoteGlobalIDString = 827FD2192DB4486B00ED861E;
			remoteInfo = HabitTracker;
		};
		827FD2392DB4486E00ED861E /* PBXContainerItemProxy */ = {
			isa = PBXContainerItemProxy;
			containerPortal = 827FD2122DB4486B00ED861E /* Project object */;
			proxyType = 1;
			remoteGlobalIDString = 827FD2192DB4486B00ED861E;
			remoteInfo = HabitTracker;
		};
/* End PBXContainerItemProxy section */

/* Begin PBXFileReference section */
		827FD21A2DB4486B00ED861E /* HabitTracker.app */ = {isa = PBXFileReference; explicitFileType = wrapper.application; includeInIndex = 0; path = HabitTracker.app; sourceTree = BUILT_PRODUCTS_DIR; };
		827FD22E2DB4486E00ED861E /* HabitTrackerTests.xctest */ = {isa = PBXFileReference; explicitFileType = wrapper.cfbundle; includeInIndex = 0; path = HabitTrackerTests.xctest; sourceTree = BUILT_PRODUCTS_DIR; };
		827FD2382DB4486E00ED861E /* HabitTrackerUITests.xctest */ = {isa = PBXFileReference; explicitFileType = wrapper.cfbundle; includeInIndex = 0; path = HabitTrackerUITests.xctest; sourceTree = BUILT_PRODUCTS_DIR; };
		827FD2632DB8266600ED861E /* Preview Assets.xcassets */ = {isa = PBXFileReference; lastKnownFileType = folder.assetcatalog; path = "Preview Assets.xcassets"; sourceTree = "<group>"; };
		827FD2652DB8266600ED861E /* TodayView.swift */ = {isa = PBXFileReference; lastKnownFileType = sourcecode.swift; path = TodayView.swift; sourceTree = "<group>"; };
		827FD2672DB8266600ED861E /* Assets.xcassets */ = {isa = PBXFileReference; lastKnownFileType = folder.assetcatalog; path = Assets.xcassets; sourceTree = "<group>"; };
		827FD2682DB8266600ED861E /* ContentView.swift */ = {isa = PBXFileReference; lastKnownFileType = sourcecode.swift; path = ContentView.swift; sourceTree = "<group>"; };
		827FD2692DB8266600ED861E /* HabitTracker.entitlements */ = {isa = PBXFileReference; lastKnownFileType = text.plist.entitlements; path = HabitTracker.entitlements; sourceTree = "<group>"; };
		827FD26A2DB8266600ED861E /* HabitTrackerApp.swift */ = {isa = PBXFileReference; lastKnownFileType = sourcecode.swift; path = HabitTrackerApp.swift; sourceTree = "<group>"; };
		827FD26B2DB8266600ED861E /* Info.plist */ = {isa = PBXFileReference; lastKnownFileType = text.plist.xml; path = Info.plist; sourceTree = "<group>"; };
		827FD26C2DB8266600ED861E /* Habit.swift */ = {isa = PBXFileReference; lastKnownFileType = sourcecode.swift; path = Habit.swift; sourceTree = "<group>"; };
		827FD2752DB8266900ED861E /* HabitTrackerTests.swift */ = {isa = PBXFileReference; lastKnownFileType = sourcecode.swift; path = HabitTrackerTests.swift; sourceTree = "<group>"; };
		827FD2782DB8266B00ED861E /* HabitTrackerUITests.swift */ = {isa = PBXFileReference; lastKnownFileType = sourcecode.swift; path = HabitTrackerUITests.swift; sourceTree = "<group>"; };
		827FD2792DB8266B00ED861E /* HabitTrackerUITestsLaunchTests.swift */ = {isa = PBXFileReference; lastKnownFileType = sourcecode.swift; path = HabitTrackerUITestsLaunchTests.swift; sourceTree = "<group>"; };
		827FD2812DB826B900ED861E /* TodayViewModel.swift */ = {isa = PBXFileReference; lastKnownFileType = sourcecode.swift; path = TodayViewModel.swift; sourceTree = "<group>"; };
		827FD2832DB82A0000ED861E /* HabitDataService.swift */ = {isa = PBXFileReference; lastKnownFileType = sourcecode.swift; path = HabitDataService.swift; sourceTree = "<group>"; };
		827FD2852DB82E3B00ED861E /* SettingsView.swift */ = {isa = PBXFileReference; lastKnownFileType = sourcecode.swift; path = SettingsView.swift; sourceTree = "<group>"; };
		827FD2872DB82E7E00ED861E /* StatsView.swift */ = {isa = PBXFileReference; lastKnownFileType = sourcecode.swift; path = StatsView.swift; sourceTree = "<group>"; };
		827FD28A2DB832E600ED861E /* AddHabitView.swift */ = {isa = PBXFileReference; lastKnownFileType = sourcecode.swift; path = AddHabitView.swift; sourceTree = "<group>"; };
		827FD28C2DB8330100ED861E /* WeekdayPicker.swift */ = {isa = PBXFileReference; lastKnownFileType = sourcecode.swift; path = WeekdayPicker.swift; sourceTree = "<group>"; };
/* End PBXFileReference section */

/* Begin PBXFrameworksBuildPhase section */
		827FD2172DB4486B00ED861E /* Frameworks */ = {
			isa = PBXFrameworksBuildPhase;
			buildActionMask = 2147483647;
			files = (
			);
			runOnlyForDeploymentPostprocessing = 0;
		};
		827FD22B2DB4486E00ED861E /* Frameworks */ = {
			isa = PBXFrameworksBuildPhase;
			buildActionMask = 2147483647;
			files = (
			);
			runOnlyForDeploymentPostprocessing = 0;
		};
		827FD2352DB4486E00ED861E /* Frameworks */ = {
			isa = PBXFrameworksBuildPhase;
			buildActionMask = 2147483647;
			files = (
			);
			runOnlyForDeploymentPostprocessing = 0;
		};
/* End PBXFrameworksBuildPhase section */

/* Begin PBXGroup section */
		827FD2112DB4486B00ED861E = {
			isa = PBXGroup;
			children = (
				827FD26D2DB8266600ED861E /* HabitTracker */,
				827FD2762DB8266900ED861E /* HabitTrackerTests */,
				827FD27A2DB8266B00ED861E /* HabitTrackerUITests */,
				827FD21B2DB4486B00ED861E /* Products */,
			);
			sourceTree = "<group>";
		};
		827FD21B2DB4486B00ED861E /* Products */ = {
			isa = PBXGroup;
			children = (
				827FD21A2DB4486B00ED861E /* HabitTracker.app */,
				827FD22E2DB4486E00ED861E /* HabitTrackerTests.xctest */,
				827FD2382DB4486E00ED861E /* HabitTrackerUITests.xctest */,
			);
			name = Products;
			sourceTree = "<group>";
		};
		827FD2642DB8266600ED861E /* Preview Content */ = {
			isa = PBXGroup;
			children = (
				827FD2632DB8266600ED861E /* Preview Assets.xcassets */,
			);
			path = "Preview Content";
			sourceTree = "<group>";
		};
		827FD2662DB8266600ED861E /* view */ = {
			isa = PBXGroup;
			children = (
				827FD28C2DB8330100ED861E /* WeekdayPicker.swift */,
				827FD28A2DB832E600ED861E /* AddHabitView.swift */,
				827FD2872DB82E7E00ED861E /* StatsView.swift */,
				827FD2852DB82E3B00ED861E /* SettingsView.swift */,
				827FD2652DB8266600ED861E /* TodayView.swift */,
			);
			path = view;
			sourceTree = "<group>";
		};
		827FD26D2DB8266600ED861E /* HabitTracker */ = {
			isa = PBXGroup;
			children = (
				827FD2802DB826B500ED861E /* viewModel */,
				827FD27E2DB8267C00ED861E /* services */,
				827FD27D2DB8267400ED861E /* model */,
				827FD2662DB8266600ED861E /* view */,
				827FD2682DB8266600ED861E /* ContentView.swift */,
				827FD26A2DB8266600ED861E /* HabitTrackerApp.swift */,
				827FD2692DB8266600ED861E /* HabitTracker.entitlements */,
				827FD2672DB8266600ED861E /* Assets.xcassets */,
				827FD26B2DB8266600ED861E /* Info.plist */,
				827FD2642DB8266600ED861E /* Preview Content */,
			);
			path = HabitTracker;
			sourceTree = "<group>";
		};
		827FD2762DB8266900ED861E /* HabitTrackerTests */ = {
			isa = PBXGroup;
			children = (
				827FD2752DB8266900ED861E /* HabitTrackerTests.swift */,
			);
			path = HabitTrackerTests;
			sourceTree = "<group>";
		};
		827FD27A2DB8266B00ED861E /* HabitTrackerUITests */ = {
			isa = PBXGroup;
			children = (
				827FD2782DB8266B00ED861E /* HabitTrackerUITests.swift */,
				827FD2792DB8266B00ED861E /* HabitTrackerUITestsLaunchTests.swift */,
			);
			path = HabitTrackerUITests;
			sourceTree = "<group>";
		};
		827FD27D2DB8267400ED861E /* model */ = {
			isa = PBXGroup;
			children = (
				827FD26C2DB8266600ED861E /* Habit.swift */,
			);
			path = model;
			sourceTree = "<group>";
		};
		827FD27E2DB8267C00ED861E /* services */ = {
			isa = PBXGroup;
			children = (
				827FD2832DB82A0000ED861E /* HabitDataService.swift */,
			);
			path = services;
			sourceTree = "<group>";
		};
		827FD2802DB826B500ED861E /* viewModel */ = {
			isa = PBXGroup;
			children = (
				827FD2812DB826B900ED861E /* TodayViewModel.swift */,
			);
			path = viewModel;
			sourceTree = "<group>";
		};
/* End PBXGroup section */

/* Begin PBXNativeTarget section */
		827FD2192DB4486B00ED861E /* HabitTracker */ = {
			isa = PBXNativeTarget;
			buildConfigurationList = 827FD2412DB4486E00ED861E /* Build configuration list for PBXNativeTarget "HabitTracker" */;
			buildPhases = (
				827FD2162DB4486B00ED861E /* Sources */,
				827FD2172DB4486B00ED861E /* Frameworks */,
				827FD2182DB4486B00ED861E /* Resources */,
			);
			buildRules = (
			);
			dependencies = (
			);
			name = HabitTracker;
			packageProductDependencies = (
			);
			productName = HabitTracker;
			productReference = 827FD21A2DB4486B00ED861E /* HabitTracker.app */;
			productType = "com.apple.product-type.application";
		};
		827FD22D2DB4486E00ED861E /* HabitTrackerTests */ = {
			isa = PBXNativeTarget;
			buildConfigurationList = 827FD2462DB4486E00ED861E /* Build configuration list for PBXNativeTarget "HabitTrackerTests" */;
			buildPhases = (
				827FD22A2DB4486E00ED861E /* Sources */,
				827FD22B2DB4486E00ED861E /* Frameworks */,
				827FD22C2DB4486E00ED861E /* Resources */,
			);
			buildRules = (
			);
			dependencies = (
				827FD2302DB4486E00ED861E /* PBXTargetDependency */,
			);
			name = HabitTrackerTests;
			packageProductDependencies = (
			);
			productName = HabitTrackerTests;
			productReference = 827FD22E2DB4486E00ED861E /* HabitTrackerTests.xctest */;
			productType = "com.apple.product-type.bundle.unit-test";
		};
		827FD2372DB4486E00ED861E /* HabitTrackerUITests */ = {
			isa = PBXNativeTarget;
			buildConfigurationList = 827FD2492DB4486E00ED861E /* Build configuration list for PBXNativeTarget "HabitTrackerUITests" */;
			buildPhases = (
				827FD2342DB4486E00ED861E /* Sources */,
				827FD2352DB4486E00ED861E /* Frameworks */,
				827FD2362DB4486E00ED861E /* Resources */,
			);
			buildRules = (
			);
			dependencies = (
				827FD23A2DB4486E00ED861E /* PBXTargetDependency */,
			);
			name = HabitTrackerUITests;
			packageProductDependencies = (
			);
			productName = HabitTrackerUITests;
			productReference = 827FD2382DB4486E00ED861E /* HabitTrackerUITests.xctest */;
			productType = "com.apple.product-type.bundle.ui-testing";
		};
/* End PBXNativeTarget section */

/* Begin PBXProject section */
		827FD2122DB4486B00ED861E /* Project object */ = {
			isa = PBXProject;
			attributes = {
				BuildIndependentTargetsInParallel = 1;
				LastSwiftUpdateCheck = 1610;
				LastUpgradeCheck = 1610;
				TargetAttributes = {
					827FD2192DB4486B00ED861E = {
						CreatedOnToolsVersion = 16.1;
					};
					827FD22D2DB4486E00ED861E = {
						CreatedOnToolsVersion = 16.1;
						TestTargetID = 827FD2192DB4486B00ED861E;
					};
					827FD2372DB4486E00ED861E = {
						CreatedOnToolsVersion = 16.1;
						TestTargetID = 827FD2192DB4486B00ED861E;
					};
				};
			};
			buildConfigurationList = 827FD2152DB4486B00ED861E /* Build configuration list for PBXProject "HabitTracker" */;
			developmentRegion = en;
			hasScannedForEncodings = 0;
			knownRegions = (
				en,
				Base,
			);
			mainGroup = 827FD2112DB4486B00ED861E;
			minimizedProjectReferenceProxies = 1;
			preferredProjectObjectVersion = 77;
			productRefGroup = 827FD21B2DB4486B00ED861E /* Products */;
			projectDirPath = "";
			projectRoot = "";
			targets = (
				827FD2192DB4486B00ED861E /* HabitTracker */,
				827FD22D2DB4486E00ED861E /* HabitTrackerTests */,
				827FD2372DB4486E00ED861E /* HabitTrackerUITests */,
			);
		};
/* End PBXProject section */

/* Begin PBXResourcesBuildPhase section */
		827FD2182DB4486B00ED861E /* Resources */ = {
			isa = PBXResourcesBuildPhase;
			buildActionMask = 2147483647;
			files = (
				827FD2722DB8266600ED861E /* Preview Assets.xcassets in Resources */,
				827FD2732DB8266600ED861E /* Assets.xcassets in Resources */,
			);
			runOnlyForDeploymentPostprocessing = 0;
		};
		827FD22C2DB4486E00ED861E /* Resources */ = {
			isa = PBXResourcesBuildPhase;
			buildActionMask = 2147483647;
			files = (
			);
			runOnlyForDeploymentPostprocessing = 0;
		};
		827FD2362DB4486E00ED861E /* Resources */ = {
			isa = PBXResourcesBuildPhase;
			buildActionMask = 2147483647;
			files = (
			);
			runOnlyForDeploymentPostprocessing = 0;
		};
/* End PBXResourcesBuildPhase section */

/* Begin PBXSourcesBuildPhase section */
		827FD2162DB4486B00ED861E /* Sources */ = {
			isa = PBXSourcesBuildPhase;
			buildActionMask = 2147483647;
			files = (
				827FD2862DB82E3C00ED861E /* SettingsView.swift in Sources */,
				827FD2842DB82A0300ED861E /* HabitDataService.swift in Sources */,
				827FD2822DB826BA00ED861E /* TodayViewModel.swift in Sources */,
				827FD26E2DB8266600ED861E /* TodayView.swift in Sources */,
				827FD28D2DB8330200ED861E /* WeekdayPicker.swift in Sources */,
				827FD2882DB82E7F00ED861E /* StatsView.swift in Sources */,
				827FD28B2DB832E800ED861E /* AddHabitView.swift in Sources */,
				827FD26F2DB8266600ED861E /* ContentView.swift in Sources */,
				827FD2702DB8266600ED861E /* HabitTrackerApp.swift in Sources */,
				827FD2712DB8266600ED861E /* Habit.swift in Sources */,
			);
			runOnlyForDeploymentPostprocessing = 0;
		};
		827FD22A2DB4486E00ED861E /* Sources */ = {
			isa = PBXSourcesBuildPhase;
			buildActionMask = 2147483647;
			files = (
				827FD2772DB8266900ED861E /* HabitTrackerTests.swift in Sources */,
			);
			runOnlyForDeploymentPostprocessing = 0;
		};
		827FD2342DB4486E00ED861E /* Sources */ = {
			isa = PBXSourcesBuildPhase;
			buildActionMask = 2147483647;
			files = (
				827FD27B2DB8266B00ED861E /* HabitTrackerUITests.swift in Sources */,
				827FD27C2DB8266B00ED861E /* HabitTrackerUITestsLaunchTests.swift in Sources */,
			);
			runOnlyForDeploymentPostprocessing = 0;
		};
/* End PBXSourcesBuildPhase section */

/* Begin PBXTargetDependency section */
		827FD2302DB4486E00ED861E /* PBXTargetDependency */ = {
			isa = PBXTargetDependency;
			target = 827FD2192DB4486B00ED861E /* HabitTracker */;
			targetProxy = 827FD22F2DB4486E00ED861E /* PBXContainerItemProxy */;
		};
		827FD23A2DB4486E00ED861E /* PBXTargetDependency */ = {
			isa = PBXTargetDependency;
			target = 827FD2192DB4486B00ED861E /* HabitTracker */;
			targetProxy = 827FD2392DB4486E00ED861E /* PBXContainerItemProxy */;
		};
/* End PBXTargetDependency section */

/* Begin XCBuildConfiguration section */
		827FD2422DB4486E00ED861E /* Debug */ = {
			isa = XCBuildConfiguration;
			buildSettings = {
				ASSETCATALOG_COMPILER_APPICON_NAME = AppIcon;
				ASSETCATALOG_COMPILER_GLOBAL_ACCENT_COLOR_NAME = AccentColor;
				CODE_SIGN_ENTITLEMENTS = HabitTracker/HabitTracker.entitlements;
				CODE_SIGN_STYLE = Automatic;
				CURRENT_PROJECT_VERSION = 1;
				DEVELOPMENT_ASSET_PATHS = "\"HabitTracker/Preview Content\"";
				DEVELOPMENT_TEAM = 8JH59DJ45H;
				ENABLE_PREVIEWS = YES;
				GENERATE_INFOPLIST_FILE = YES;
				INFOPLIST_FILE = HabitTracker/Info.plist;
				INFOPLIST_KEY_UIApplicationSceneManifest_Generation = YES;
				INFOPLIST_KEY_UIApplicationSupportsIndirectInputEvents = YES;
				INFOPLIST_KEY_UILaunchScreen_Generation = YES;
				INFOPLIST_KEY_UISupportedInterfaceOrientations = UIInterfaceOrientationPortrait;
				IPHONEOS_DEPLOYMENT_TARGET = 17.6;
				LD_RUNPATH_SEARCH_PATHS = (
					"$(inherited)",
					"@executable_path/Frameworks",
				);
				MARKETING_VERSION = 1.0;
				PRODUCT_BUNDLE_IDENTIFIER = george8.HabitTracker;
				PRODUCT_NAME = "$(TARGET_NAME)";
				SUPPORTED_PLATFORMS = "iphoneos iphonesimulator";
				SUPPORTS_MACCATALYST = NO;
				SUPPORTS_MAC_DESIGNED_FOR_IPHONE_IPAD = NO;
				SUPPORTS_XR_DESIGNED_FOR_IPHONE_IPAD = NO;
				SWIFT_EMIT_LOC_STRINGS = YES;
				SWIFT_VERSION = 5.0;
				TARGETED_DEVICE_FAMILY = 1;
			};
			name = Debug;
		};
		827FD2432DB4486E00ED861E /* Release */ = {
			isa = XCBuildConfiguration;
			buildSettings = {
				ASSETCATALOG_COMPILER_APPICON_NAME = AppIcon;
				ASSETCATALOG_COMPILER_GLOBAL_ACCENT_COLOR_NAME = AccentColor;
				CODE_SIGN_ENTITLEMENTS = HabitTracker/HabitTracker.entitlements;
				CODE_SIGN_STYLE = Automatic;
				CURRENT_PROJECT_VERSION = 1;
				DEVELOPMENT_ASSET_PATHS = "\"HabitTracker/Preview Content\"";
				DEVELOPMENT_TEAM = 8JH59DJ45H;
				ENABLE_PREVIEWS = YES;
				GENERATE_INFOPLIST_FILE = YES;
				INFOPLIST_FILE = HabitTracker/Info.plist;
				INFOPLIST_KEY_UIApplicationSceneManifest_Generation = YES;
				INFOPLIST_KEY_UIApplicationSupportsIndirectInputEvents = YES;
				INFOPLIST_KEY_UILaunchScreen_Generation = YES;
				INFOPLIST_KEY_UISupportedInterfaceOrientations = UIInterfaceOrientationPortrait;
				IPHONEOS_DEPLOYMENT_TARGET = 17.6;
				LD_RUNPATH_SEARCH_PATHS = (
					"$(inherited)",
					"@executable_path/Frameworks",
				);
				MARKETING_VERSION = 1.0;
				PRODUCT_BUNDLE_IDENTIFIER = george8.HabitTracker;
				PRODUCT_NAME = "$(TARGET_NAME)";
				SUPPORTED_PLATFORMS = "iphoneos iphonesimulator";
				SUPPORTS_MACCATALYST = NO;
				SUPPORTS_MAC_DESIGNED_FOR_IPHONE_IPAD = NO;
				SUPPORTS_XR_DESIGNED_FOR_IPHONE_IPAD = NO;
				SWIFT_EMIT_LOC_STRINGS = YES;
				SWIFT_VERSION = 5.0;
				TARGETED_DEVICE_FAMILY = 1;
			};
			name = Release;
		};
		827FD2442DB4486E00ED861E /* Debug */ = {
			isa = XCBuildConfiguration;
			buildSettings = {
				ALWAYS_SEARCH_USER_PATHS = NO;
				ASSETCATALOG_COMPILER_GENERATE_SWIFT_ASSET_SYMBOL_EXTENSIONS = YES;
				CLANG_ANALYZER_NONNULL = YES;
				CLANG_ANALYZER_NUMBER_OBJECT_CONVERSION = YES_AGGRESSIVE;
				CLANG_CXX_LANGUAGE_STANDARD = "gnu++20";
				CLANG_ENABLE_MODULES = YES;
				CLANG_ENABLE_OBJC_ARC = YES;
				CLANG_ENABLE_OBJC_WEAK = YES;
				CLANG_WARN_BLOCK_CAPTURE_AUTORELEASING = YES;
				CLANG_WARN_BOOL_CONVERSION = YES;
				CLANG_WARN_COMMA = YES;
				CLANG_WARN_CONSTANT_CONVERSION = YES;
				CLANG_WARN_DEPRECATED_OBJC_IMPLEMENTATIONS = YES;
				CLANG_WARN_DIRECT_OBJC_ISA_USAGE = YES_ERROR;
				CLANG_WARN_DOCUMENTATION_COMMENTS = YES;
				CLANG_WARN_EMPTY_BODY = YES;
				CLANG_WARN_ENUM_CONVERSION = YES;
				CLANG_WARN_INFINITE_RECURSION = YES;
				CLANG_WARN_INT_CONVERSION = YES;
				CLANG_WARN_NON_LITERAL_NULL_CONVERSION = YES;
				CLANG_WARN_OBJC_IMPLICIT_RETAIN_SELF = YES;
				CLANG_WARN_OBJC_LITERAL_CONVERSION = YES;
				CLANG_WARN_OBJC_ROOT_CLASS = YES_ERROR;
				CLANG_WARN_QUOTED_INCLUDE_IN_FRAMEWORK_HEADER = YES;
				CLANG_WARN_RANGE_LOOP_ANALYSIS = YES;
				CLANG_WARN_STRICT_PROTOTYPES = YES;
				CLANG_WARN_SUSPICIOUS_MOVE = YES;
				CLANG_WARN_UNGUARDED_AVAILABILITY = YES_AGGRESSIVE;
				CLANG_WARN_UNREACHABLE_CODE = YES;
				CLANG_WARN__DUPLICATE_METHOD_MATCH = YES;
				COPY_PHASE_STRIP = NO;
				DEBUG_INFORMATION_FORMAT = dwarf;
				ENABLE_STRICT_OBJC_MSGSEND = YES;
				ENABLE_TESTABILITY = YES;
				ENABLE_USER_SCRIPT_SANDBOXING = YES;
				GCC_C_LANGUAGE_STANDARD = gnu17;
				GCC_DYNAMIC_NO_PIC = NO;
				GCC_NO_COMMON_BLOCKS = YES;
				GCC_OPTIMIZATION_LEVEL = 0;
				GCC_PREPROCESSOR_DEFINITIONS = (
					"DEBUG=1",
					"$(inherited)",
				);
				GCC_WARN_64_TO_32_BIT_CONVERSION = YES;
				GCC_WARN_ABOUT_RETURN_TYPE = YES_ERROR;
				GCC_WARN_UNDECLARED_SELECTOR = YES;
				GCC_WARN_UNINITIALIZED_AUTOS = YES_AGGRESSIVE;
				GCC_WARN_UNUSED_FUNCTION = YES;
				GCC_WARN_UNUSED_VARIABLE = YES;
				IPHONEOS_DEPLOYMENT_TARGET = 18.1;
				LOCALIZATION_PREFERS_STRING_CATALOGS = YES;
				MTL_ENABLE_DEBUG_INFO = INCLUDE_SOURCE;
				MTL_FAST_MATH = YES;
				ONLY_ACTIVE_ARCH = YES;
				SDKROOT = iphoneos;
				SWIFT_ACTIVE_COMPILATION_CONDITIONS = "DEBUG $(inherited)";
				SWIFT_OPTIMIZATION_LEVEL = "-Onone";
			};
			name = Debug;
		};
		827FD2452DB4486E00ED861E /* Release */ = {
			isa = XCBuildConfiguration;
			buildSettings = {
				ALWAYS_SEARCH_USER_PATHS = NO;
				ASSETCATALOG_COMPILER_GENERATE_SWIFT_ASSET_SYMBOL_EXTENSIONS = YES;
				CLANG_ANALYZER_NONNULL = YES;
				CLANG_ANALYZER_NUMBER_OBJECT_CONVERSION = YES_AGGRESSIVE;
				CLANG_CXX_LANGUAGE_STANDARD = "gnu++20";
				CLANG_ENABLE_MODULES = YES;
				CLANG_ENABLE_OBJC_ARC = YES;
				CLANG_ENABLE_OBJC_WEAK = YES;
				CLANG_WARN_BLOCK_CAPTURE_AUTORELEASING = YES;
				CLANG_WARN_BOOL_CONVERSION = YES;
				CLANG_WARN_COMMA = YES;
				CLANG_WARN_CONSTANT_CONVERSION = YES;
				CLANG_WARN_DEPRECATED_OBJC_IMPLEMENTATIONS = YES;
				CLANG_WARN_DIRECT_OBJC_ISA_USAGE = YES_ERROR;
				CLANG_WARN_DOCUMENTATION_COMMENTS = YES;
				CLANG_WARN_EMPTY_BODY = YES;
				CLANG_WARN_ENUM_CONVERSION = YES;
				CLANG_WARN_INFINITE_RECURSION = YES;
				CLANG_WARN_INT_CONVERSION = YES;
				CLANG_WARN_NON_LITERAL_NULL_CONVERSION = YES;
				CLANG_WARN_OBJC_IMPLICIT_RETAIN_SELF = YES;
				CLANG_WARN_OBJC_LITERAL_CONVERSION = YES;
				CLANG_WARN_OBJC_ROOT_CLASS = YES_ERROR;
				CLANG_WARN_QUOTED_INCLUDE_IN_FRAMEWORK_HEADER = YES;
				CLANG_WARN_RANGE_LOOP_ANALYSIS = YES;
				CLANG_WARN_STRICT_PROTOTYPES = YES;
				CLANG_WARN_SUSPICIOUS_MOVE = YES;
				CLANG_WARN_UNGUARDED_AVAILABILITY = YES_AGGRESSIVE;
				CLANG_WARN_UNREACHABLE_CODE = YES;
				CLANG_WARN__DUPLICATE_METHOD_MATCH = YES;
				COPY_PHASE_STRIP = NO;
				DEBUG_INFORMATION_FORMAT = "dwarf-with-dsym";
				ENABLE_NS_ASSERTIONS = NO;
				ENABLE_STRICT_OBJC_MSGSEND = YES;
				ENABLE_USER_SCRIPT_SANDBOXING = YES;
				GCC_C_LANGUAGE_STANDARD = gnu17;
				GCC_NO_COMMON_BLOCKS = YES;
				GCC_WARN_64_TO_32_BIT_CONVERSION = YES;
				GCC_WARN_ABOUT_RETURN_TYPE = YES_ERROR;
				GCC_WARN_UNDECLARED_SELECTOR = YES;
				GCC_WARN_UNINITIALIZED_AUTOS = YES_AGGRESSIVE;
				GCC_WARN_UNUSED_FUNCTION = YES;
				GCC_WARN_UNUSED_VARIABLE = YES;
				IPHONEOS_DEPLOYMENT_TARGET = 18.1;
				LOCALIZATION_PREFERS_STRING_CATALOGS = YES;
				MTL_ENABLE_DEBUG_INFO = NO;
				MTL_FAST_MATH = YES;
				SDKROOT = iphoneos;
				SWIFT_COMPILATION_MODE = wholemodule;
				VALIDATE_PRODUCT = YES;
			};
			name = Release;
		};
		827FD2472DB4486E00ED861E /* Debug */ = {
			isa = XCBuildConfiguration;
			buildSettings = {
				BUNDLE_LOADER = "$(TEST_HOST)";
				CODE_SIGN_STYLE = Automatic;
				CURRENT_PROJECT_VERSION = 1;
				DEVELOPMENT_TEAM = 8JH59DJ45H;
				GENERATE_INFOPLIST_FILE = YES;
				IPHONEOS_DEPLOYMENT_TARGET = 18.1;
				MARKETING_VERSION = 1.0;
				PRODUCT_BUNDLE_IDENTIFIER = com.thalesgroup.dis.ibs.biometrics.sdklib.fingerSample.HabitTrackerTests;
				PRODUCT_NAME = "$(TARGET_NAME)";
				SWIFT_EMIT_LOC_STRINGS = NO;
				SWIFT_VERSION = 5.0;
				TARGETED_DEVICE_FAMILY = "1,2";
				TEST_HOST = "$(BUILT_PRODUCTS_DIR)/HabitTracker.app/$(BUNDLE_EXECUTABLE_FOLDER_PATH)/HabitTracker";
			};
			name = Debug;
		};
		827FD2482DB4486E00ED861E /* Release */ = {
			isa = XCBuildConfiguration;
			buildSettings = {
				BUNDLE_LOADER = "$(TEST_HOST)";
				CODE_SIGN_STYLE = Automatic;
				CURRENT_PROJECT_VERSION = 1;
				DEVELOPMENT_TEAM = 8JH59DJ45H;
				GENERATE_INFOPLIST_FILE = YES;
				IPHONEOS_DEPLOYMENT_TARGET = 18.1;
				MARKETING_VERSION = 1.0;
				PRODUCT_BUNDLE_IDENTIFIER = com.thalesgroup.dis.ibs.biometrics.sdklib.fingerSample.HabitTrackerTests;
				PRODUCT_NAME = "$(TARGET_NAME)";
				SWIFT_EMIT_LOC_STRINGS = NO;
				SWIFT_VERSION = 5.0;
				TARGETED_DEVICE_FAMILY = "1,2";
				TEST_HOST = "$(BUILT_PRODUCTS_DIR)/HabitTracker.app/$(BUNDLE_EXECUTABLE_FOLDER_PATH)/HabitTracker";
			};
			name = Release;
		};
		827FD24A2DB4486E00ED861E /* Debug */ = {
			isa = XCBuildConfiguration;
			buildSettings = {
				CODE_SIGN_STYLE = Automatic;
				CURRENT_PROJECT_VERSION = 1;
				DEVELOPMENT_TEAM = 8JH59DJ45H;
				GENERATE_INFOPLIST_FILE = YES;
				MARKETING_VERSION = 1.0;
				PRODUCT_BUNDLE_IDENTIFIER = com.thalesgroup.dis.ibs.biometrics.sdklib.fingerSample.HabitTrackerUITests;
				PRODUCT_NAME = "$(TARGET_NAME)";
				SWIFT_EMIT_LOC_STRINGS = NO;
				SWIFT_VERSION = 5.0;
				TARGETED_DEVICE_FAMILY = "1,2";
				TEST_TARGET_NAME = HabitTracker;
			};
			name = Debug;
		};
		827FD24B2DB4486E00ED861E /* Release */ = {
			isa = XCBuildConfiguration;
			buildSettings = {
				CODE_SIGN_STYLE = Automatic;
				CURRENT_PROJECT_VERSION = 1;
				DEVELOPMENT_TEAM = 8JH59DJ45H;
				GENERATE_INFOPLIST_FILE = YES;
				MARKETING_VERSION = 1.0;
				PRODUCT_BUNDLE_IDENTIFIER = com.thalesgroup.dis.ibs.biometrics.sdklib.fingerSample.HabitTrackerUITests;
				PRODUCT_NAME = "$(TARGET_NAME)";
				SWIFT_EMIT_LOC_STRINGS = NO;
				SWIFT_VERSION = 5.0;
				TARGETED_DEVICE_FAMILY = "1,2";
				TEST_TARGET_NAME = HabitTracker;
			};
			name = Release;
		};
/* End XCBuildConfiguration section */

/* Begin XCConfigurationList section */
		827FD2152DB4486B00ED861E /* Build configuration list for PBXProject "HabitTracker" */ = {
			isa = XCConfigurationList;
			buildConfigurations = (
				827FD2442DB4486E00ED861E /* Debug */,
				827FD2452DB4486E00ED861E /* Release */,
			);
			defaultConfigurationIsVisible = 0;
			defaultConfigurationName = Release;
		};
		827FD2412DB4486E00ED861E /* Build configuration list for PBXNativeTarget "HabitTracker" */ = {
			isa = XCConfigurationList;
			buildConfigurations = (
				827FD2422DB4486E00ED861E /* Debug */,
				827FD2432DB4486E00ED861E /* Release */,
			);
			defaultConfigurationIsVisible = 0;
			defaultConfigurationName = Release;
		};
		827FD2462DB4486E00ED861E /* Build configuration list for PBXNativeTarget "HabitTrackerTests" */ = {
			isa = XCConfigurationList;
			buildConfigurations = (
				827FD2472DB4486E00ED861E /* Debug */,
				827FD2482DB4486E00ED861E /* Release */,
			);
			defaultConfigurationIsVisible = 0;
			defaultConfigurationName = Release;
		};
		827FD2492DB4486E00ED861E /* Build configuration list for PBXNativeTarget "HabitTrackerUITests" */ = {
			isa = XCConfigurationList;
			buildConfigurations = (
				827FD24A2DB4486E00ED861E /* Debug */,
				827FD24B2DB4486E00ED861E /* Release */,
			);
			defaultConfigurationIsVisible = 0;
			defaultConfigurationName = Release;
		};
/* End XCConfigurationList section */
	};
	rootObject = 827FD2122DB4486B00ED861E /* Project object */;
}
